<?xml version="1.0" encoding="utf-8"?>
<Project ToolsVersion="4.0" xmlns="http://schemas.microsoft.com/developer/msbuild/2003">
  <ItemGroup>
    <Filter Include="Structures">
      <UniqueIdentifier>{696045a2-442d-47cc-8d5f-7ad3514cd325}</UniqueIdentifier>
    </Filter>
    <Filter Include="Connection">
      <UniqueIdentifier>{0e0ffe4e-e345-47b2-90ec-bc4ee509b293}</UniqueIdentifier>
    </Filter>
    <Filter Include="Structures\NetworkData">
      <UniqueIdentifier>{186a4c1c-5d0e-4c31-9c2e-d1d1e4e3675e}</UniqueIdentifier>
    </Filter>
    <Filter Include="Crypto">
      <UniqueIdentifier>{b0c691b2-b113-49cc-b634-5c1ac93f4971}</UniqueIdentifier>
    </Filter>
    <Filter Include="Connection\ThreadPool">
      <UniqueIdentifier>{7acfab64-317e-4aa5-ac01-0f0a2e3d8888}</UniqueIdentifier>
    </Filter>
    <Filter Include="Logger">
      <UniqueIdentifier>{1960d23c-85b6-41ad-a533-f0336b7c2479}</UniqueIdentifier>
    </Filter>
    <Filter Include="Utilities">
      <UniqueIdentifier>{6b294e44-4a43-455f-bfe7-1499174782aa}</UniqueIdentifier>
    </Filter>
  </ItemGroup>
  <ItemGroup>
    <ClInclude Include="Connection\PacketBuffer.h">
      <Filter>Connection</Filter>
    </ClInclude>
    <ClInclude Include="Connection\Packets.h">
      <Filter>Connection</Filter>
    </ClInclude>
    <ClInclude Include="Connection\PacketManager.h">
      <Filter>Connection</Filter>
    </ClInclude>
    <ClInclude Include="Connection\IncomingPacket.h">
      <Filter>Connection</Filter>
    </ClInclude>
    <ClInclude Include="Connection\OutgoingPacket.h">
      <Filter>Connection</Filter>
    </ClInclude>
    <ClInclude Include="Structures\accinfo.h">
      <Filter>Structures</Filter>
    </ClInclude>
    <ClInclude Include="Structures\classes.h">
      <Filter>Structures</Filter>
    </ClInclude>
    <ClInclude Include="Structures\condition_effects.h">
      <Filter>Structures</Filter>
    </ClInclude>
    <ClInclude Include="Structures\enemy.h">
      <Filter>Structures</Filter>
    </ClInclude>
    <ClInclude Include="Structures\enumerations.h">
      <Filter>Structures</Filter>
    </ClInclude>
    <ClInclude Include="Structures\guildrank.h">
      <Filter>Structures</Filter>
    </ClInclude>
    <ClInclude Include="Structures\mapinfo.h">
      <Filter>Structures</Filter>
    </ClInclude>
    <ClInclude Include="Structures\object.h">
      <Filter>Structures</Filter>
    </ClInclude>
    <ClInclude Include="Structures\playerdata.h">
      <Filter>Structures</Filter>
    </ClInclude>
    <ClInclude Include="Structures\projectile.h">
      <Filter>Structures</Filter>
    </ClInclude>
    <ClInclude Include="Structures\proxy.h">
      <Filter>Structures</Filter>
    </ClInclude>
    <ClInclude Include="Structures\resource_manager.h">
      <Filter>Structures</Filter>
    </ClInclude>
    <ClInclude Include="Structures\tile.h">
      <Filter>Structures</Filter>
    </ClInclude>
    <ClInclude Include="Structures\NetworkData\move_record.h">
      <Filter>Structures\NetworkData</Filter>
    </ClInclude>
    <ClInclude Include="Structures\NetworkData\object_data.h">
      <Filter>Structures\NetworkData</Filter>
    </ClInclude>
    <ClInclude Include="Structures\NetworkData\object_status_data.h">
      <Filter>Structures\NetworkData</Filter>
    </ClInclude>
    <ClInclude Include="Structures\NetworkData\slot_object_data.h">
      <Filter>Structures\NetworkData</Filter>
    </ClInclude>
    <ClInclude Include="Structures\NetworkData\stat_data.h">
      <Filter>Structures\NetworkData</Filter>
    </ClInclude>
    <ClInclude Include="Structures\NetworkData\world_pos_data.h">
      <Filter>Structures\NetworkData</Filter>
    </ClInclude>
    <ClInclude Include="Crypto\rc4.h">
      <Filter>Crypto</Filter>
    </ClInclude>
    <ClInclude Include="Crypto\rsa.h">
      <Filter>Crypto</Filter>
    </ClInclude>
    <ClInclude Include="Structures\NetworkData\ground_tile_data.h" />
    <ClInclude Include="Structures\NetworkData\trade_item.h" />
    <ClInclude Include="Structures\trade_result.h" />
    <ClInclude Include="Structures\PacketIdManager.h">
      <Filter>Structures</Filter>
    </ClInclude>
    <ClInclude Include="Connection\PacketDeep.cpp">
      <Filter>Connection</Filter>
    </ClInclude>
    <ClInclude Include="Connection\ThreadPool\ThreadPool.h">
      <Filter>Connection\ThreadPool</Filter>
    </ClInclude>
    <ClInclude Include="Logger\Logger.h">
      <Filter>Logger</Filter>
    </ClInclude>
    <ClInclude Include="Utilities\ClientU.h">
      <Filter>Utilities</Filter>
    </ClInclude>
  </ItemGroup>
  <ItemGroup>
    <ClCompile Include="main.cpp" />
    <ClCompile Include="Connection\PacketManager.cpp">
      <Filter>Connection</Filter>
    </ClCompile>
    <ClCompile Include="Connection\PacketRouter.cpp">
      <Filter>Connection</Filter>
    </ClCompile>
    <ClCompile Include="Logger\Logger.cpp">
      <Filter>Logger</Filter>
    </ClCompile>
    <ClCompile Include="Crypto\rc4.cpp">
      <Filter>Crypto</Filter>
    </ClCompile>
  </ItemGroup>
</Project>