<?xml version="1.0" encoding="utf-8"?>
<Project ToolsVersion="4.0" xmlns="http://schemas.microsoft.com/developer/msbuild/2003">
  <ItemGroup>
    <Filter Include="Structures">
      <UniqueIdentifier>{696045a2-442d-47cc-8d5f-7ad3514cd325}</UniqueIdentifier>
    </Filter>
    <Filter Include="Connection">
      <UniqueIdentifier>{0e0ffe4e-e345-47b2-90ec-bc4ee509b293}</UniqueIdentifier>
    </Filter>
    <Filter Include="Structures\NetworkData">
      <UniqueIdentifier>{186a4c1c-5d0e-4c31-9c2e-d1d1e4e3675e}</UniqueIdentifier>
    </Filter>
    <Filter Include="Utilities">
      <UniqueIdentifier>{6b294e44-4a43-455f-bfe7-1499174782aa}</UniqueIdentifier>
    </Filter>
    <Filter Include="Utilities\Environment">
      <UniqueIdentifier>{29b0d190-ff32-4b01-aa79-d9e652aeab5d}</UniqueIdentifier>
    </Filter>
    <Filter Include="Connection\Packet">
      <UniqueIdentifier>{b34fbcf3-1b97-4e0c-af46-dc90fc772b21}</UniqueIdentifier>
    </Filter>
    <Filter Include="Connection\TCP">
      <UniqueIdentifier>{d5e459b8-cb23-4f41-88cf-a6cbd54dafaa}</UniqueIdentifier>
    </Filter>
    <Filter Include="Utilities\Crypto">
      <UniqueIdentifier>{bdbba6af-f88d-4710-bba4-078ddcd7151b}</UniqueIdentifier>
    </Filter>
    <Filter Include="Utilities\Hook">
      <UniqueIdentifier>{28014a6b-1f50-4b82-9d1b-98be72a26295}</UniqueIdentifier>
    </Filter>
    <Filter Include="Connection\TCP\Socket">
      <UniqueIdentifier>{fb95cca6-37bd-4ee6-86df-b3145e286d8c}</UniqueIdentifier>
    </Filter>
    <Filter Include="Utilities\Log">
      <UniqueIdentifier>{bf862370-2eed-4ac9-9dbf-17b088a43575}</UniqueIdentifier>
    </Filter>
  </ItemGroup>
  <ItemGroup>
    <ClInclude Include="Structures\accinfo.h">
      <Filter>Structures</Filter>
    </ClInclude>
    <ClInclude Include="Structures\classes.h">
      <Filter>Structures</Filter>
    </ClInclude>
    <ClInclude Include="Structures\condition_effects.h">
      <Filter>Structures</Filter>
    </ClInclude>
    <ClInclude Include="Structures\enemy.h">
      <Filter>Structures</Filter>
    </ClInclude>
    <ClInclude Include="Structures\enumerations.h">
      <Filter>Structures</Filter>
    </ClInclude>
    <ClInclude Include="Structures\guildrank.h">
      <Filter>Structures</Filter>
    </ClInclude>
    <ClInclude Include="Structures\mapinfo.h">
      <Filter>Structures</Filter>
    </ClInclude>
    <ClInclude Include="Structures\object.h">
      <Filter>Structures</Filter>
    </ClInclude>
    <ClInclude Include="Structures\playerdata.h">
      <Filter>Structures</Filter>
    </ClInclude>
    <ClInclude Include="Structures\projectile.h">
      <Filter>Structures</Filter>
    </ClInclude>
    <ClInclude Include="Structures\proxy.h">
      <Filter>Structures</Filter>
    </ClInclude>
    <ClInclude Include="Structures\resource_manager.h">
      <Filter>Structures</Filter>
    </ClInclude>
    <ClInclude Include="Structures\tile.h">
      <Filter>Structures</Filter>
    </ClInclude>
    <ClInclude Include="Structures\NetworkData\move_record.h">
      <Filter>Structures\NetworkData</Filter>
    </ClInclude>
    <ClInclude Include="Structures\NetworkData\object_data.h">
      <Filter>Structures\NetworkData</Filter>
    </ClInclude>
    <ClInclude Include="Structures\NetworkData\object_status_data.h">
      <Filter>Structures\NetworkData</Filter>
    </ClInclude>
    <ClInclude Include="Structures\NetworkData\slot_object_data.h">
      <Filter>Structures\NetworkData</Filter>
    </ClInclude>
    <ClInclude Include="Structures\NetworkData\stat_data.h">
      <Filter>Structures\NetworkData</Filter>
    </ClInclude>
    <ClInclude Include="Structures\NetworkData\world_pos_data.h">
      <Filter>Structures\NetworkData</Filter>
    </ClInclude>
    <ClInclude Include="Structures\NetworkData\ground_tile_data.h" />
    <ClInclude Include="Structures\NetworkData\trade_item.h" />
    <ClInclude Include="Structures\trade_result.h" />
    <ClInclude Include="Utilities\ClientU.h">
      <Filter>Utilities</Filter>
    </ClInclude>
    <ClInclude Include="Utilities\HttpGet.h">
      <Filter>Utilities</Filter>
    </ClInclude>
    <ClInclude Include="Utilities\Environment\Environment.h">
      <Filter>Utilities\Environment</Filter>
    </ClInclude>
    <ClInclude Include="Connection\Packet\IncomingPacket.h">
      <Filter>Connection\Packet</Filter>
    </ClInclude>
    <ClInclude Include="Connection\Packet\OutgoingPacket.h">
      <Filter>Connection\Packet</Filter>
    </ClInclude>
    <ClInclude Include="Connection\Packet\PacketBuffer.h">
      <Filter>Connection\Packet</Filter>
    </ClInclude>
    <ClInclude Include="Connection\Packet\Packets.h">
      <Filter>Connection\Packet</Filter>
    </ClInclude>
    <ClInclude Include="Connection\TCP\PacketManager.h">
      <Filter>Connection\TCP</Filter>
    </ClInclude>
    <ClInclude Include="Utilities\Crypto\rc4.h">
      <Filter>Utilities\Crypto</Filter>
    </ClInclude>
    <ClInclude Include="Utilities\Hook\Hook.h">
      <Filter>Utilities\Hook</Filter>
    </ClInclude>
    <ClInclude Include="Structures\PacketId.h">
      <Filter>Structures</Filter>
    </ClInclude>
    <ClInclude Include="Connection\TCP\Socket\socket.hpp">
      <Filter>Connection\TCP\Socket</Filter>
    </ClInclude>
    <ClInclude Include="Utilities\Crypto\rsa.h">
      <Filter>Utilities\Crypto</Filter>
    </ClInclude>
    <ClInclude Include="Utilities\Logger\Log.h">
      <Filter>Utilities\Log</Filter>
    </ClInclude>
  </ItemGroup>
  <ItemGroup>
    <ClCompile Include="main.cpp" />
    <ClCompile Include="Connection\TCP\PacketDeep.cpp">
      <Filter>Connection\TCP</Filter>
    </ClCompile>
    <ClCompile Include="Connection\TCP\PacketManager.cpp">
      <Filter>Connection\TCP</Filter>
    </ClCompile>
    <ClCompile Include="Connection\TCP\PacketRouter.cpp">
      <Filter>Connection\TCP</Filter>
    </ClCompile>
    <ClCompile Include="Utilities\Environment\Environment.cpp">
      <Filter>Utilities\Environment</Filter>
    </ClCompile>
    <ClCompile Include="Utilities\Hook\Hook.cpp">
      <Filter>Utilities\Hook</Filter>
    </ClCompile>
    <ClCompile Include="Connection\TCP\Socket\socket.cpp">
      <Filter>Connection\TCP\Socket</Filter>
    </ClCompile>
    <ClCompile Include="Utilities\Logger\Log.cpp">
      <Filter>Utilities\Log</Filter>
    </ClCompile>
  </ItemGroup>
</Project>